# This file is automatically @generated by Cargo.
# It is not intended for manual editing.
version = 3

[[package]]
name = "adler"
version = "1.0.2"
source = "registry+https://github.com/rust-lang/crates.io-index"
checksum = "f26201604c87b1e01bd3d98f8d5d9a8fcbb815e8cedb41ffccbeb4bf593a35fe"

[[package]]
name = "anyhow"
version = "1.0.66"
source = "registry+https://github.com/rust-lang/crates.io-index"
checksum = "216261ddc8289130e551ddcd5ce8a064710c0d064a4d2895c67151c92b5443f6"

[[package]]
name = "bit-set"
version = "0.2.0"
source = "registry+https://github.com/rust-lang/crates.io-index"
checksum = "e6e1e6fb1c9e3d6fcdec57216a74eaa03e41f52a22f13a16438251d8e88b89da"
dependencies = [
 "bit-vec",
]

[[package]]
name = "bit-vec"
version = "0.6.3"
source = "registry+https://github.com/rust-lang/crates.io-index"
checksum = "349f9b6a179ed607305526ca489b34ad0a41aed5f7980fa90eb03160b69598fb"

[[package]]
name = "bitflags"
version = "1.3.2"
source = "registry+https://github.com/rust-lang/crates.io-index"
checksum = "bef38d45163c2f1dde094a7dfd33ccf595c92905c8f8f4fdc18d06fb1037718a"

[[package]]
name = "cfg-if"
version = "1.0.0"
source = "registry+https://github.com/rust-lang/crates.io-index"
checksum = "baf1de4339761588bc0619e3cbc0120ee582ebb74b53b4efbf79117bd2da40fd"

[[package]]
name = "crc32fast"
version = "1.3.2"
source = "registry+https://github.com/rust-lang/crates.io-index"
checksum = "b540bd8bc810d3885c6ea91e2018302f68baba2129ab3e88f32389ee9370880d"
dependencies = [
 "cfg-if",
]

[[package]]
name = "flate2"
version = "1.0.24"
source = "registry+https://github.com/rust-lang/crates.io-index"
checksum = "f82b0f4c27ad9f8bfd1f3208d882da2b09c301bc1c828fd3a00d0216d2fbbff6"
dependencies = [
 "crc32fast",
 "miniz_oxide 0.5.4",
]

[[package]]
name = "libc"
version = "0.2.137"
source = "registry+https://github.com/rust-lang/crates.io-index"
checksum = "fc7fcc620a3bff7cdd7a365be3376c97191aeaccc2a603e600951e452615bf89"

[[package]]
name = "libusb"
version = "0.3.0"
source = "registry+https://github.com/rust-lang/crates.io-index"
checksum = "5f990ddd929cbe53de4ecd6cf26e1f4e0c5b9796e4c629d9046570b03738aa53"
dependencies = [
 "bit-set",
 "libc",
 "libusb-sys",
]

[[package]]
name = "libusb-sys"
version = "0.2.3"
source = "registry+https://github.com/rust-lang/crates.io-index"
checksum = "4c53b6582563d64ad3e692f54ef95239c3ea8069e82c9eb70ca948869a7ad767"
dependencies = [
 "libc",
 "pkg-config",
]

[[package]]
name = "miniz_oxide"
version = "0.5.4"
source = "registry+https://github.com/rust-lang/crates.io-index"
checksum = "96590ba8f175222643a85693f33d26e9c8a015f599c216509b1a6894af675d34"
dependencies = [
 "adler",
]

[[package]]
name = "miniz_oxide"
version = "0.6.2"
source = "registry+https://github.com/rust-lang/crates.io-index"
checksum = "b275950c28b37e794e8c55d88aeb5e139d0ce23fdbbeda68f8d7174abdf9e8fa"
dependencies = [
 "adler",
]

[[package]]
name = "pkg-config"
version = "0.3.26"
source = "registry+https://github.com/rust-lang/crates.io-index"
checksum = "6ac9a59f73473f1b8d852421e59e64809f025994837ef743615c6d0c5b305160"

[[package]]
name = "png"
version = "0.17.7"
source = "registry+https://github.com/rust-lang/crates.io-index"
checksum = "5d708eaf860a19b19ce538740d2b4bdeeb8337fa53f7738455e706623ad5c638"
dependencies = [
 "bitflags",
 "crc32fast",
 "flate2",
 "miniz_oxide 0.6.2",
]

[[package]]
name = "pos58_usb"
version = "0.1.0"
source = "git+https://github.com/Masterchef365/pos58_usb.git?rev=7a8a20d#7a8a20d9fe0c6114268437ce21510ba2e012a0f2"
dependencies = [
 "libusb",
]

[[package]]
name = "print"
version = "0.1.0"
dependencies = [
 "anyhow",
 "libusb",
 "png",
 "pos58_usb",
]
